
Microsoft Visual Studio Solution File, Format Version 12.00
# Visual Studio 15
VisualStudioVersion = 15.0.27428.2011
MinimumVisualStudioVersion = 10.0.40219.1
Project("{FAE04EC0-301F-11D3-BF4B-00C04F79EFBC}") = "LLBlazeModdingTool", "LLBlazeModdingTool\LLBlazeModdingTool.csproj", "{3682BB6D-A7B5-4EB4-B1A1-68DD6E82A06A}"
EndProject
Global
	GlobalSection(SolutionConfigurationPlatforms) = preSolution
		Debug|Any CPU = Debug|Any CPU
		Release|Any CPU = Release|Any CPU
	EndGlobalSection
	GlobalSection(ProjectConfigurationPlatforms) = postSolution
		{3682BB6D-A7B5-4EB4-B1A1-68DD6E82A06A}.Debug|Any CPU.ActiveCfg = Debug|Any CPU
		{3682BB6D-A7B5-4EB4-B1A1-68DD6E82A06A}.Debug|Any CPU.Build.0 = Debug|Any CPU
		{3682BB6D-A7B5-4EB4-B1A1-68DD6E82A06A}.Release|Any CPU.ActiveCfg = Release|Any CPU
		{3682BB6D-A7B5-4EB4-B1A1-68DD6E82A06A}.Release|Any CPU.Build.0 = Release|Any CPU
	EndGlobalSection
	GlobalSection(SolutionProperties) = preSolution
		HideSolutionNode = FALSE
	EndGlobalSection
	GlobalSection(ExtensibilityGlobals) = postSolution
		SolutionGuid = {27B32EEE-5260-4B0A-8E2F-499516A41FF5}
	EndGlobalSection
EndGlobal
